
Microsoft Visual Studio Solution File, Format Version 12.00
# Visual Studio Version 16
VisualStudioVersion = 16.0.30621.155
MinimumVisualStudioVersion = 10.0.40219.1
Project("{9A19103F-16F7-4668-BE54-9A1E7A4F7556}") = "WebApi", "WebApi\WebApi.csproj", "{E0D1C4B0-BEC9-477E-8714-361F0C931159}"
EndProject
Project("{9A19103F-16F7-4668-BE54-9A1E7A4F7556}") = "TrireksaAppContext", "TrireksaAppContext\TrireksaAppContext.csproj", "{17ABEC46-B78E-4B94-917F-0F005C781AA7}"
EndProject
Project("{FAE04EC0-301F-11D3-BF4B-00C04F79EFBC}") = "TrireksaApp", "Desktop\TrireksaApp\TrireksaApp.csproj", "{E584E416-94E5-412B-95BF-4EDCE06289D4}"
EndProject
Project("{D954291E-2A0B-460D-934E-DC6B0785DB48}") = "Shared", "Desktop\Shared\Shared.shproj", "{EEDA74FC-CA5A-4C06-9654-2600B74E2D1D}"
EndProject
Project("{D954291E-2A0B-460D-934E-DC6B0785DB48}") = "Models", "Desktop\Models\Models.shproj", "{080D1AE5-D476-41C5-AF26-8483AAF30E1A}"
EndProject
Project("{FAE04EC0-301F-11D3-BF4B-00C04F79EFBC}") = "FirstFloor.ModernUI", "Desktop\FirstFloor.ModernUI\FirstFloor.ModernUI.csproj", "{9A653A28-FE46-40E8-A14F-48B0E325165D}"
EndProject
Project("{FAE04EC0-301F-11D3-BF4B-00C04F79EFBC}") = "TrireksaMobile.Android", "TrireksaMobile\TrireksaMobile.Android\TrireksaMobile.Android.csproj", "{8707C2F2-3B5A-4995-A4BC-D8D73ACC12E1}"
EndProject
Project("{9A19103F-16F7-4668-BE54-9A1E7A4F7556}") = "TrireksaMobile", "TrireksaMobile\TrireksaMobile\TrireksaMobile.csproj", "{ECB9AAA9-106A-47CA-9D46-E6ADEC60EEB0}"
EndProject
Project("{54435603-DBB4-11D2-8724-00A0C9A8B90C}") = "TrireksaAppSetup", "TrireksaAppSetup\TrireksaAppSetup.vdproj", "{BC3544F2-9B01-406F-A5D0-F6BCED0A8ED3}"
EndProject
Project("{D954291E-2A0B-460D-934E-DC6B0785DB48}") = "ShareModel", "ShareModel\ShareModel.shproj", "{4460C960-6457-4B7B-8DC8-3BB7A4AE36CF}"
EndProject
Global
	GlobalSection(SharedMSBuildProjectFiles) = preSolution
		Desktop\Models\Models.projitems*{080d1ae5-d476-41c5-af26-8483aaf30e1a}*SharedItemsImports = 13
		ShareModel\ShareModel.projitems*{17abec46-b78e-4b94-917f-0f005c781aa7}*SharedItemsImports = 5
		ShareModel\ShareModel.projitems*{4460c960-6457-4b7b-8dc8-3bb7a4ae36cf}*SharedItemsImports = 13
		Desktop\Shared\Shared.projitems*{9a653a28-fe46-40e8-a14f-48b0e325165d}*SharedItemsImports = 4
		Desktop\Models\Models.projitems*{e584e416-94e5-412b-95bf-4edce06289d4}*SharedItemsImports = 4
		ShareModel\ShareModel.projitems*{e584e416-94e5-412b-95bf-4edce06289d4}*SharedItemsImports = 4
		Desktop\Models\Models.projitems*{ecb9aaa9-106a-47ca-9d46-e6adec60eeb0}*SharedItemsImports = 5
		ShareModel\ShareModel.projitems*{ecb9aaa9-106a-47ca-9d46-e6adec60eeb0}*SharedItemsImports = 5
		Desktop\Shared\Shared.projitems*{eeda74fc-ca5a-4c06-9654-2600b74e2d1d}*SharedItemsImports = 13
	EndGlobalSection
	GlobalSection(SolutionConfigurationPlatforms) = preSolution
		Debug|Any CPU = Debug|Any CPU
		Debug|ARM = Debug|ARM
		Debug|ARM64 = Debug|ARM64
		Debug|x64 = Debug|x64
		Debug|x86 = Debug|x86
		Release|Any CPU = Release|Any CPU
		Release|ARM = Release|ARM
		Release|ARM64 = Release|ARM64
		Release|x64 = Release|x64
		Release|x86 = Release|x86
	EndGlobalSection
	GlobalSection(ProjectConfigurationPlatforms) = postSolution
		{E0D1C4B0-BEC9-477E-8714-361F0C931159}.Debug|Any CPU.ActiveCfg = Debug|Any CPU
		{E0D1C4B0-BEC9-477E-8714-361F0C931159}.Debug|Any CPU.Build.0 = Debug|Any CPU
		{E0D1C4B0-BEC9-477E-8714-361F0C931159}.Debug|ARM.ActiveCfg = Debug|Any CPU
		{E0D1C4B0-BEC9-477E-8714-361F0C931159}.Debug|ARM.Build.0 = Debug|Any CPU
		{E0D1C4B0-BEC9-477E-8714-361F0C931159}.Debug|ARM64.ActiveCfg = Debug|Any CPU
		{E0D1C4B0-BEC9-477E-8714-361F0C931159}.Debug|ARM64.Build.0 = Debug|Any CPU
		{E0D1C4B0-BEC9-477E-8714-361F0C931159}.Debug|x64.ActiveCfg = Debug|Any CPU
		{E0D1C4B0-BEC9-477E-8714-361F0C931159}.Debug|x64.Build.0 = Debug|Any CPU
		{E0D1C4B0-BEC9-477E-8714-361F0C931159}.Debug|x86.ActiveCfg = Debug|Any CPU
		{E0D1C4B0-BEC9-477E-8714-361F0C931159}.Debug|x86.Build.0 = Debug|Any CPU
		{E0D1C4B0-BEC9-477E-8714-361F0C931159}.Release|Any CPU.ActiveCfg = Release|Any CPU
		{E0D1C4B0-BEC9-477E-8714-361F0C931159}.Release|Any CPU.Build.0 = Release|Any CPU
		{E0D1C4B0-BEC9-477E-8714-361F0C931159}.Release|ARM.ActiveCfg = Release|Any CPU
		{E0D1C4B0-BEC9-477E-8714-361F0C931159}.Release|ARM.Build.0 = Release|Any CPU
		{E0D1C4B0-BEC9-477E-8714-361F0C931159}.Release|ARM64.ActiveCfg = Release|Any CPU
		{E0D1C4B0-BEC9-477E-8714-361F0C931159}.Release|ARM64.Build.0 = Release|Any CPU
		{E0D1C4B0-BEC9-477E-8714-361F0C931159}.Release|x64.ActiveCfg = Release|Any CPU
		{E0D1C4B0-BEC9-477E-8714-361F0C931159}.Release|x64.Build.0 = Release|Any CPU
		{E0D1C4B0-BEC9-477E-8714-361F0C931159}.Release|x86.ActiveCfg = Release|Any CPU
		{E0D1C4B0-BEC9-477E-8714-361F0C931159}.Release|x86.Build.0 = Release|Any CPU
		{17ABEC46-B78E-4B94-917F-0F005C781AA7}.Debug|Any CPU.ActiveCfg = Debug|Any CPU
		{17ABEC46-B78E-4B94-917F-0F005C781AA7}.Debug|Any CPU.Build.0 = Debug|Any CPU
		{17ABEC46-B78E-4B94-917F-0F005C781AA7}.Debug|ARM.ActiveCfg = Debug|Any CPU
		{17ABEC46-B78E-4B94-917F-0F005C781AA7}.Debug|ARM.Build.0 = Debug|Any CPU
		{17ABEC46-B78E-4B94-917F-0F005C781AA7}.Debug|ARM64.ActiveCfg = Debug|Any CPU
		{17ABEC46-B78E-4B94-917F-0F005C781AA7}.Debug|ARM64.Build.0 = Debug|Any CPU
		{17ABEC46-B78E-4B94-917F-0F005C781AA7}.Debug|x64.ActiveCfg = Debug|Any CPU
		{17ABEC46-B78E-4B94-917F-0F005C781AA7}.Debug|x64.Build.0 = Debug|Any CPU
		{17ABEC46-B78E-4B94-917F-0F005C781AA7}.Debug|x86.ActiveCfg = Debug|Any CPU
		{17ABEC46-B78E-4B94-917F-0F005C781AA7}.Debug|x86.Build.0 = Debug|Any CPU
		{17ABEC46-B78E-4B94-917F-0F005C781AA7}.Release|Any CPU.ActiveCfg = Release|Any CPU
		{17ABEC46-B78E-4B94-917F-0F005C781AA7}.Release|Any CPU.Build.0 = Release|Any CPU
		{17ABEC46-B78E-4B94-917F-0F005C781AA7}.Release|ARM.ActiveCfg = Release|Any CPU
		{17ABEC46-B78E-4B94-917F-0F005C781AA7}.Release|ARM.Build.0 = Release|Any CPU
		{17ABEC46-B78E-4B94-917F-0F005C781AA7}.Release|ARM64.ActiveCfg = Release|Any CPU
		{17ABEC46-B78E-4B94-917F-0F005C781AA7}.Release|ARM64.Build.0 = Release|Any CPU
		{17ABEC46-B78E-4B94-917F-0F005C781AA7}.Release|x64.ActiveCfg = Release|Any CPU
		{17ABEC46-B78E-4B94-917F-0F005C781AA7}.Release|x64.Build.0 = Release|Any CPU
		{17ABEC46-B78E-4B94-917F-0F005C781AA7}.Release|x86.ActiveCfg = Release|Any CPU
		{17ABEC46-B78E-4B94-917F-0F005C781AA7}.Release|x86.Build.0 = Release|Any CPU
		{E584E416-94E5-412B-95BF-4EDCE06289D4}.Debug|Any CPU.ActiveCfg = Debug|Any CPU
		{E584E416-94E5-412B-95BF-4EDCE06289D4}.Debug|Any CPU.Build.0 = Debug|Any CPU
		{E584E416-94E5-412B-95BF-4EDCE06289D4}.Debug|ARM.ActiveCfg = Debug|Any CPU
		{E584E416-94E5-412B-95BF-4EDCE06289D4}.Debug|ARM.Build.0 = Debug|Any CPU
		{E584E416-94E5-412B-95BF-4EDCE06289D4}.Debug|ARM64.ActiveCfg = Debug|Any CPU
		{E584E416-94E5-412B-95BF-4EDCE06289D4}.Debug|ARM64.Build.0 = Debug|Any CPU
		{E584E416-94E5-412B-95BF-4EDCE06289D4}.Debug|x64.ActiveCfg = Debug|Any CPU
		{E584E416-94E5-412B-95BF-4EDCE06289D4}.Debug|x64.Build.0 = Debug|Any CPU
		{E584E416-94E5-412B-95BF-4EDCE06289D4}.Debug|x86.ActiveCfg = Debug|Any CPU
		{E584E416-94E5-412B-95BF-4EDCE06289D4}.Debug|x86.Build.0 = Debug|Any CPU
		{E584E416-94E5-412B-95BF-4EDCE06289D4}.Release|Any CPU.ActiveCfg = Release|Any CPU
		{E584E416-94E5-412B-95BF-4EDCE06289D4}.Release|Any CPU.Build.0 = Release|Any CPU
		{E584E416-94E5-412B-95BF-4EDCE06289D4}.Release|ARM.ActiveCfg = Release|Any CPU
		{E584E416-94E5-412B-95BF-4EDCE06289D4}.Release|ARM.Build.0 = Release|Any CPU
		{E584E416-94E5-412B-95BF-4EDCE06289D4}.Release|ARM64.ActiveCfg = Release|Any CPU
		{E584E416-94E5-412B-95BF-4EDCE06289D4}.Release|ARM64.Build.0 = Release|Any CPU
		{E584E416-94E5-412B-95BF-4EDCE06289D4}.Release|x64.ActiveCfg = Release|Any CPU
		{E584E416-94E5-412B-95BF-4EDCE06289D4}.Release|x64.Build.0 = Release|Any CPU
		{E584E416-94E5-412B-95BF-4EDCE06289D4}.Release|x86.ActiveCfg = Release|Any CPU
		{E584E416-94E5-412B-95BF-4EDCE06289D4}.Release|x86.Build.0 = Release|Any CPU
		{9A653A28-FE46-40E8-A14F-48B0E325165D}.Debug|Any CPU.ActiveCfg = Debug|Any CPU
		{9A653A28-FE46-40E8-A14F-48B0E325165D}.Debug|Any CPU.Build.0 = Debug|Any CPU
		{9A653A28-FE46-40E8-A14F-48B0E325165D}.Debug|ARM.ActiveCfg = Debug|Any CPU
		{9A653A28-FE46-40E8-A14F-48B0E325165D}.Debug|ARM.Build.0 = Debug|Any CPU
		{9A653A28-FE46-40E8-A14F-48B0E325165D}.Debug|ARM64.ActiveCfg = Debug|Any CPU
		{9A653A28-FE46-40E8-A14F-48B0E325165D}.Debug|ARM64.Build.0 = Debug|Any CPU
		{9A653A28-FE46-40E8-A14F-48B0E325165D}.Debug|x64.ActiveCfg = Debug|Any CPU
		{9A653A28-FE46-40E8-A14F-48B0E325165D}.Debug|x64.Build.0 = Debug|Any CPU
		{9A653A28-FE46-40E8-A14F-48B0E325165D}.Debug|x86.ActiveCfg = Debug|Any CPU
		{9A653A28-FE46-40E8-A14F-48B0E325165D}.Debug|x86.Build.0 = Debug|Any CPU
		{9A653A28-FE46-40E8-A14F-48B0E325165D}.Release|Any CPU.ActiveCfg = Release|Any CPU
		{9A653A28-FE46-40E8-A14F-48B0E325165D}.Release|Any CPU.Build.0 = Release|Any CPU
		{9A653A28-FE46-40E8-A14F-48B0E325165D}.Release|ARM.ActiveCfg = Release|Any CPU
		{9A653A28-FE46-40E8-A14F-48B0E325165D}.Release|ARM.Build.0 = Release|Any CPU
		{9A653A28-FE46-40E8-A14F-48B0E325165D}.Release|ARM64.ActiveCfg = Release|Any CPU
		{9A653A28-FE46-40E8-A14F-48B0E325165D}.Release|ARM64.Build.0 = Release|Any CPU
		{9A653A28-FE46-40E8-A14F-48B0E325165D}.Release|x64.ActiveCfg = Release|Any CPU
		{9A653A28-FE46-40E8-A14F-48B0E325165D}.Release|x64.Build.0 = Release|Any CPU
		{9A653A28-FE46-40E8-A14F-48B0E325165D}.Release|x86.ActiveCfg = Release|Any CPU
		{9A653A28-FE46-40E8-A14F-48B0E325165D}.Release|x86.Build.0 = Release|Any CPU
		{8707C2F2-3B5A-4995-A4BC-D8D73ACC12E1}.Debug|Any CPU.ActiveCfg = Debug|Any CPU
		{8707C2F2-3B5A-4995-A4BC-D8D73ACC12E1}.Debug|Any CPU.Build.0 = Debug|Any CPU
		{8707C2F2-3B5A-4995-A4BC-D8D73ACC12E1}.Debug|Any CPU.Deploy.0 = Debug|Any CPU
		{8707C2F2-3B5A-4995-A4BC-D8D73ACC12E1}.Debug|ARM.ActiveCfg = Debug|Any CPU
		{8707C2F2-3B5A-4995-A4BC-D8D73ACC12E1}.Debug|ARM.Build.0 = Debug|Any CPU
		{8707C2F2-3B5A-4995-A4BC-D8D73ACC12E1}.Debug|ARM.Deploy.0 = Debug|Any CPU
		{8707C2F2-3B5A-4995-A4BC-D8D73ACC12E1}.Debug|ARM64.ActiveCfg = Debug|Any CPU
		{8707C2F2-3B5A-4995-A4BC-D8D73ACC12E1}.Debug|ARM64.Build.0 = Debug|Any CPU
		{8707C2F2-3B5A-4995-A4BC-D8D73ACC12E1}.Debug|ARM64.Deploy.0 = Debug|Any CPU
		{8707C2F2-3B5A-4995-A4BC-D8D73ACC12E1}.Debug|x64.ActiveCfg = Debug|Any CPU
		{8707C2F2-3B5A-4995-A4BC-D8D73ACC12E1}.Debug|x64.Build.0 = Debug|Any CPU
		{8707C2F2-3B5A-4995-A4BC-D8D73ACC12E1}.Debug|x64.Deploy.0 = Debug|Any CPU
		{8707C2F2-3B5A-4995-A4BC-D8D73ACC12E1}.Debug|x86.ActiveCfg = Debug|Any CPU
		{8707C2F2-3B5A-4995-A4BC-D8D73ACC12E1}.Debug|x86.Build.0 = Debug|Any CPU
		{8707C2F2-3B5A-4995-A4BC-D8D73ACC12E1}.Debug|x86.Deploy.0 = Debug|Any CPU
		{8707C2F2-3B5A-4995-A4BC-D8D73ACC12E1}.Release|Any CPU.ActiveCfg = Release|Any CPU
		{8707C2F2-3B5A-4995-A4BC-D8D73ACC12E1}.Release|Any CPU.Build.0 = Release|Any CPU
		{8707C2F2-3B5A-4995-A4BC-D8D73ACC12E1}.Release|Any CPU.Deploy.0 = Release|Any CPU
		{8707C2F2-3B5A-4995-A4BC-D8D73ACC12E1}.Release|ARM.ActiveCfg = Release|Any CPU
		{8707C2F2-3B5A-4995-A4BC-D8D73ACC12E1}.Release|ARM.Build.0 = Release|Any CPU
		{8707C2F2-3B5A-4995-A4BC-D8D73ACC12E1}.Release|ARM.Deploy.0 = Release|Any CPU
		{8707C2F2-3B5A-4995-A4BC-D8D73ACC12E1}.Release|ARM64.ActiveCfg = Release|Any CPU
		{8707C2F2-3B5A-4995-A4BC-D8D73ACC12E1}.Release|ARM64.Build.0 = Release|Any CPU
		{8707C2F2-3B5A-4995-A4BC-D8D73ACC12E1}.Release|ARM64.Deploy.0 = Release|Any CPU
		{8707C2F2-3B5A-4995-A4BC-D8D73ACC12E1}.Release|x64.ActiveCfg = Release|Any CPU
		{8707C2F2-3B5A-4995-A4BC-D8D73ACC12E1}.Release|x64.Build.0 = Release|Any CPU
		{8707C2F2-3B5A-4995-A4BC-D8D73ACC12E1}.Release|x64.Deploy.0 = Release|Any CPU
		{8707C2F2-3B5A-4995-A4BC-D8D73ACC12E1}.Release|x86.ActiveCfg = Release|Any CPU
		{8707C2F2-3B5A-4995-A4BC-D8D73ACC12E1}.Release|x86.Build.0 = Release|Any CPU
		{8707C2F2-3B5A-4995-A4BC-D8D73ACC12E1}.Release|x86.Deploy.0 = Release|Any CPU
		{ECB9AAA9-106A-47CA-9D46-E6ADEC60EEB0}.Debug|Any CPU.ActiveCfg = Debug|Any CPU
		{ECB9AAA9-106A-47CA-9D46-E6ADEC60EEB0}.Debug|Any CPU.Build.0 = Debug|Any CPU
		{ECB9AAA9-106A-47CA-9D46-E6ADEC60EEB0}.Debug|ARM.ActiveCfg = Debug|Any CPU
		{ECB9AAA9-106A-47CA-9D46-E6ADEC60EEB0}.Debug|ARM.Build.0 = Debug|Any CPU
		{ECB9AAA9-106A-47CA-9D46-E6ADEC60EEB0}.Debug|ARM64.ActiveCfg = Debug|Any CPU
		{ECB9AAA9-106A-47CA-9D46-E6ADEC60EEB0}.Debug|ARM64.Build.0 = Debug|Any CPU
		{ECB9AAA9-106A-47CA-9D46-E6ADEC60EEB0}.Debug|x64.ActiveCfg = Debug|Any CPU
		{ECB9AAA9-106A-47CA-9D46-E6ADEC60EEB0}.Debug|x64.Build.0 = Debug|Any CPU
		{ECB9AAA9-106A-47CA-9D46-E6ADEC60EEB0}.Debug|x86.ActiveCfg = Debug|Any CPU
		{ECB9AAA9-106A-47CA-9D46-E6ADEC60EEB0}.Debug|x86.Build.0 = Debug|Any CPU
		{ECB9AAA9-106A-47CA-9D46-E6ADEC60EEB0}.Release|Any CPU.ActiveCfg = Release|Any CPU
		{ECB9AAA9-106A-47CA-9D46-E6ADEC60EEB0}.Release|Any CPU.Build.0 = Release|Any CPU
		{ECB9AAA9-106A-47CA-9D46-E6ADEC60EEB0}.Release|ARM.ActiveCfg = Release|Any CPU
		{ECB9AAA9-106A-47CA-9D46-E6ADEC60EEB0}.Release|ARM.Build.0 = Release|Any CPU
		{ECB9AAA9-106A-47CA-9D46-E6ADEC60EEB0}.Release|ARM64.ActiveCfg = Release|Any CPU
		{ECB9AAA9-106A-47CA-9D46-E6ADEC60EEB0}.Release|ARM64.Build.0 = Release|Any CPU
		{ECB9AAA9-106A-47CA-9D46-E6ADEC60EEB0}.Release|x64.ActiveCfg = Release|Any CPU
		{ECB9AAA9-106A-47CA-9D46-E6ADEC60EEB0}.Release|x64.Build.0 = Release|Any CPU
		{ECB9AAA9-106A-47CA-9D46-E6ADEC60EEB0}.Release|x86.ActiveCfg = Release|Any CPU
		{ECB9AAA9-106A-47CA-9D46-E6ADEC60EEB0}.Release|x86.Build.0 = Release|Any CPU
		{BC3544F2-9B01-406F-A5D0-F6BCED0A8ED3}.Debug|Any CPU.ActiveCfg = Debug
		{BC3544F2-9B01-406F-A5D0-F6BCED0A8ED3}.Debug|ARM.ActiveCfg = Debug
		{BC3544F2-9B01-406F-A5D0-F6BCED0A8ED3}.Debug|ARM64.ActiveCfg = Debug
		{BC3544F2-9B01-406F-A5D0-F6BCED0A8ED3}.Debug|x64.ActiveCfg = Debug
		{BC3544F2-9B01-406F-A5D0-F6BCED0A8ED3}.Debug|x86.ActiveCfg = Debug
		{BC3544F2-9B01-406F-A5D0-F6BCED0A8ED3}.Release|Any CPU.ActiveCfg = Release
		{BC3544F2-9B01-406F-A5D0-F6BCED0A8ED3}.Release|ARM.ActiveCfg = Release
		{BC3544F2-9B01-406F-A5D0-F6BCED0A8ED3}.Release|ARM64.ActiveCfg = Release
		{BC3544F2-9B01-406F-A5D0-F6BCED0A8ED3}.Release|x64.ActiveCfg = Release
		{BC3544F2-9B01-406F-A5D0-F6BCED0A8ED3}.Release|x86.ActiveCfg = Release
	EndGlobalSection
	GlobalSection(SolutionProperties) = preSolution
		HideSolutionNode = FALSE
	EndGlobalSection
	GlobalSection(ExtensibilityGlobals) = postSolution
		SolutionGuid = {A2A6ED17-BD73-4925-BC88-2CFD0F209493}
	EndGlobalSection
EndGlobal
